
Microsoft Visual Studio Solution File, Format Version 12.00
# Visual Studio Version 17
VisualStudioVersion = 17.9.34622.214
MinimumVisualStudioVersion = 10.0.40219.1
Project("{FAE04EC0-301F-11D3-BF4B-00C04F79EFBC}") = "LibraryManagement.Api", "LibraryManagement.Api\LibraryManagement.Api.csproj", "{6C32DBE6-E2A9-4FA0-8962-1EEB10B0C590}"
EndProject
Project("{FAE04EC0-301F-11D3-BF4B-00C04F79EFBC}") = "LibraryManagement.Core", "LibraryManagement.Core\LibraryManagement.Core.csproj", "{4FED062E-06E0-4D3F-A1A0-638503F7F11B}"
EndProject
Project("{FAE04EC0-301F-11D3-BF4B-00C04F79EFBC}") = "LibraryManagement.Database", "LibraryManagement.Database\LibraryManagement.Database.csproj", "{D3E97B3E-FCE4-4C75-8CCC-883B912AFD24}"
EndProject
Global
	GlobalSection(SolutionConfigurationPlatforms) = preSolution
		Debug|Any CPU = Debug|Any CPU
		Release|Any CPU = Release|Any CPU
	EndGlobalSection
	GlobalSection(ProjectConfigurationPlatforms) = postSolution
		{6C32DBE6-E2A9-4FA0-8962-1EEB10B0C590}.Debug|Any CPU.ActiveCfg = Debug|Any CPU
		{6C32DBE6-E2A9-4FA0-8962-1EEB10B0C590}.Debug|Any CPU.Build.0 = Debug|Any CPU
		{6C32DBE6-E2A9-4FA0-8962-1EEB10B0C590}.Release|Any CPU.ActiveCfg = Release|Any CPU
		{6C32DBE6-E2A9-4FA0-8962-1EEB10B0C590}.Release|Any CPU.Build.0 = Release|Any CPU
		{4FED062E-06E0-4D3F-A1A0-638503F7F11B}.Debug|Any CPU.ActiveCfg = Debug|Any CPU
		{4FED062E-06E0-4D3F-A1A0-638503F7F11B}.Debug|Any CPU.Build.0 = Debug|Any CPU
		{4FED062E-06E0-4D3F-A1A0-638503F7F11B}.Release|Any CPU.ActiveCfg = Release|Any CPU
		{4FED062E-06E0-4D3F-A1A0-638503F7F11B}.Release|Any CPU.Build.0 = Release|Any CPU
		{D3E97B3E-FCE4-4C75-8CCC-883B912AFD24}.Debug|Any CPU.ActiveCfg = Debug|Any CPU
		{D3E97B3E-FCE4-4C75-8CCC-883B912AFD24}.Debug|Any CPU.Build.0 = Debug|Any CPU
		{D3E97B3E-FCE4-4C75-8CCC-883B912AFD24}.Release|Any CPU.ActiveCfg = Release|Any CPU
		{D3E97B3E-FCE4-4C75-8CCC-883B912AFD24}.Release|Any CPU.Build.0 = Release|Any CPU
	EndGlobalSection
	GlobalSection(SolutionProperties) = preSolution
		HideSolutionNode = FALSE
	EndGlobalSection
	GlobalSection(ExtensibilityGlobals) = postSolution
		SolutionGuid = {06566CFE-EEAC-4422-A2D5-64F8F2310317}
	EndGlobalSection
EndGlobal
